
Microsoft Visual Studio Solution File, Format Version 12.00
# Visual Studio Version 17
VisualStudioVersion = 17.9.34607.119
MinimumVisualStudioVersion = 10.0.40219.1
Project("{9A19103F-16F7-4668-BE54-9A1E7A4F7556}") = "CourseWork(OOP Phase1)", "CourseWork(OOP Phase1)\CourseWork(OOP Phase1).csproj", "{7FC5C579-9DD9-44DA-9023-20A863FB9390}"
EndProject
Project("{2150E333-8FDC-42A3-9474-1A3956D46DE8}") = "Enums", "Enums", "{FB967589-B277-4B03-ACB7-A34B759CFB07}"
EndProject
Global
	GlobalSection(SolutionConfigurationPlatforms) = preSolution
		Debug|Any CPU = Debug|Any CPU
		Release|Any CPU = Release|Any CPU
	EndGlobalSection
	GlobalSection(ProjectConfigurationPlatforms) = postSolution
		{7FC5C579-9DD9-44DA-9023-20A863FB9390}.Debug|Any CPU.ActiveCfg = Debug|Any CPU
		{7FC5C579-9DD9-44DA-9023-20A863FB9390}.Debug|Any CPU.Build.0 = Debug|Any CPU
		{7FC5C579-9DD9-44DA-9023-20A863FB9390}.Release|Any CPU.ActiveCfg = Release|Any CPU
		{7FC5C579-9DD9-44DA-9023-20A863FB9390}.Release|Any CPU.Build.0 = Release|Any CPU
	EndGlobalSection
	GlobalSection(SolutionProperties) = preSolution
		HideSolutionNode = FALSE
	EndGlobalSection
	GlobalSection(ExtensibilityGlobals) = postSolution
		SolutionGuid = {D2F4CF7C-DD04-4D65-9088-EFB172FE20DA}
	EndGlobalSection
EndGlobal
